
Microsoft Visual Studio Solution File, Format Version 12.00
# Visual Studio Version 17
VisualStudioVersion = 17.8.34408.163
MinimumVisualStudioVersion = 10.0.40219.1
Project("{9A19103F-16F7-4668-BE54-9A1E7A4F7556}") = "Mexicano", "Mexicano.csproj", "{61E3D190-DD3C-45E3-BB55-AFDDC0B85A99}"
EndProject
Global
	GlobalSection(SolutionConfigurationPlatforms) = preSolution
		Debug|Any CPU = Debug|Any CPU
		Release|Any CPU = Release|Any CPU
	EndGlobalSection
	GlobalSection(ProjectConfigurationPlatforms) = postSolution
		{61E3D190-DD3C-45E3-BB55-AFDDC0B85A99}.Debug|Any CPU.ActiveCfg = Debug|Any CPU
		{61E3D190-DD3C-45E3-BB55-AFDDC0B85A99}.Debug|Any CPU.Build.0 = Debug|Any CPU
		{61E3D190-DD3C-45E3-BB55-AFDDC0B85A99}.Release|Any CPU.ActiveCfg = Release|Any CPU
		{61E3D190-DD3C-45E3-BB55-AFDDC0B85A99}.Release|Any CPU.Build.0 = Release|Any CPU
	EndGlobalSection
	GlobalSection(SolutionProperties) = preSolution
		HideSolutionNode = FALSE
	EndGlobalSection
	GlobalSection(ExtensibilityGlobals) = postSolution
		SolutionGuid = {2F93504D-3B43-407A-A7CD-03700574908F}
	EndGlobalSection
EndGlobal
